
Microsoft Visual Studio Solution File, Format Version 12.00
# Visual Studio Version 17
VisualStudioVersion = 17.13.35828.75 d17.13
MinimumVisualStudioVersion = 10.0.40219.1
Project("{2150E333-8FDC-42A3-9474-1A3956D46DE8}") = "Core", "Core", "{02EA681E-C7D8-13C7-8484-4AC65E1B71E8}"
EndProject
Project("{2150E333-8FDC-42A3-9474-1A3956D46DE8}") = "Infastructure", "Infastructure", "{F66EAC29-5728-4B85-8AF7-F7AD151C7057}"
EndProject
Project("{2150E333-8FDC-42A3-9474-1A3956D46DE8}") = "Presentation", "Presentation", "{425DD7F8-4D89-4AAE-9BE7-1E387ADCA146}"
EndProject
Project("{FAE04EC0-301F-11D3-BF4B-00C04F79EFBC}") = "GitPortfolioBE.Domain", "Core\GitPortfolioBE.Domain\GitPortfolioBE.Domain.csproj", "{13C65F4C-6F15-427E-9CAE-D90F5659555F}"
EndProject
Project("{FAE04EC0-301F-11D3-BF4B-00C04F79EFBC}") = "GitPortfolioBE.Application", "Core\GitPortfolioBE.Application\GitPortfolioBE.Application.csproj", "{5CD6DDDD-DA5B-447C-A748-920685D2FB58}"
EndProject
Project("{FAE04EC0-301F-11D3-BF4B-00C04F79EFBC}") = "GitPortfolioBE.Persistence", "Infastructure\GitPortfolioBE.Persistence\GitPortfolioBE.Persistence.csproj", "{FFF8B2FC-CB4A-46E1-B7E5-144E0CADF7F1}"
EndProject
Project("{FAE04EC0-301F-11D3-BF4B-00C04F79EFBC}") = "GitPortfolioBE.Infastructure", "Infastructure\GitPortfolioBE.Infastructure\GitPortfolioBE.Infastructure.csproj", "{4F35D5CF-3B1B-4CC4-BDBB-08937A21455E}"
EndProject
Project("{FAE04EC0-301F-11D3-BF4B-00C04F79EFBC}") = "GitPortfolioBE.Api", "Presentation\GitPortfolioBE.Api\GitPortfolioBE.Api.csproj", "{9C4934ED-746C-46CC-B2A9-A50B8B6919C6}"
EndProject
Global
	GlobalSection(SolutionConfigurationPlatforms) = preSolution
		Debug|Any CPU = Debug|Any CPU
		Release|Any CPU = Release|Any CPU
	EndGlobalSection
	GlobalSection(ProjectConfigurationPlatforms) = postSolution
		{13C65F4C-6F15-427E-9CAE-D90F5659555F}.Debug|Any CPU.ActiveCfg = Debug|Any CPU
		{13C65F4C-6F15-427E-9CAE-D90F5659555F}.Debug|Any CPU.Build.0 = Debug|Any CPU
		{13C65F4C-6F15-427E-9CAE-D90F5659555F}.Release|Any CPU.ActiveCfg = Release|Any CPU
		{13C65F4C-6F15-427E-9CAE-D90F5659555F}.Release|Any CPU.Build.0 = Release|Any CPU
		{5CD6DDDD-DA5B-447C-A748-920685D2FB58}.Debug|Any CPU.ActiveCfg = Debug|Any CPU
		{5CD6DDDD-DA5B-447C-A748-920685D2FB58}.Debug|Any CPU.Build.0 = Debug|Any CPU
		{5CD6DDDD-DA5B-447C-A748-920685D2FB58}.Release|Any CPU.ActiveCfg = Release|Any CPU
		{5CD6DDDD-DA5B-447C-A748-920685D2FB58}.Release|Any CPU.Build.0 = Release|Any CPU
		{FFF8B2FC-CB4A-46E1-B7E5-144E0CADF7F1}.Debug|Any CPU.ActiveCfg = Debug|Any CPU
		{FFF8B2FC-CB4A-46E1-B7E5-144E0CADF7F1}.Debug|Any CPU.Build.0 = Debug|Any CPU
		{FFF8B2FC-CB4A-46E1-B7E5-144E0CADF7F1}.Release|Any CPU.ActiveCfg = Release|Any CPU
		{FFF8B2FC-CB4A-46E1-B7E5-144E0CADF7F1}.Release|Any CPU.Build.0 = Release|Any CPU
		{4F35D5CF-3B1B-4CC4-BDBB-08937A21455E}.Debug|Any CPU.ActiveCfg = Debug|Any CPU
		{4F35D5CF-3B1B-4CC4-BDBB-08937A21455E}.Debug|Any CPU.Build.0 = Debug|Any CPU
		{4F35D5CF-3B1B-4CC4-BDBB-08937A21455E}.Release|Any CPU.ActiveCfg = Release|Any CPU
		{4F35D5CF-3B1B-4CC4-BDBB-08937A21455E}.Release|Any CPU.Build.0 = Release|Any CPU
		{9C4934ED-746C-46CC-B2A9-A50B8B6919C6}.Debug|Any CPU.ActiveCfg = Debug|Any CPU
		{9C4934ED-746C-46CC-B2A9-A50B8B6919C6}.Debug|Any CPU.Build.0 = Debug|Any CPU
		{9C4934ED-746C-46CC-B2A9-A50B8B6919C6}.Release|Any CPU.ActiveCfg = Release|Any CPU
		{9C4934ED-746C-46CC-B2A9-A50B8B6919C6}.Release|Any CPU.Build.0 = Release|Any CPU
	EndGlobalSection
	GlobalSection(SolutionProperties) = preSolution
		HideSolutionNode = FALSE
	EndGlobalSection
	GlobalSection(NestedProjects) = preSolution
		{13C65F4C-6F15-427E-9CAE-D90F5659555F} = {02EA681E-C7D8-13C7-8484-4AC65E1B71E8}
		{5CD6DDDD-DA5B-447C-A748-920685D2FB58} = {02EA681E-C7D8-13C7-8484-4AC65E1B71E8}
		{FFF8B2FC-CB4A-46E1-B7E5-144E0CADF7F1} = {F66EAC29-5728-4B85-8AF7-F7AD151C7057}
		{4F35D5CF-3B1B-4CC4-BDBB-08937A21455E} = {F66EAC29-5728-4B85-8AF7-F7AD151C7057}
		{9C4934ED-746C-46CC-B2A9-A50B8B6919C6} = {425DD7F8-4D89-4AAE-9BE7-1E387ADCA146}
	EndGlobalSection
	GlobalSection(ExtensibilityGlobals) = postSolution
		SolutionGuid = {906390D0-3E2C-489B-BD07-E594DCB8A8AF}
	EndGlobalSection
EndGlobal
